
Microsoft Visual Studio Solution File, Format Version 12.00
# Visual Studio Version 17
VisualStudioVersion = 17.8.34511.84
MinimumVisualStudioVersion = 10.0.40219.1
Project("{FAE04EC0-301F-11D3-BF4B-00C04F79EFBC}") = "FiadorHYCM032024", "FiadorHYCM032024\FiadorHYCM032024.csproj", "{BD36C346-21E3-4BB7-971B-49221CD32996}"
EndProject
Global
	GlobalSection(SolutionConfigurationPlatforms) = preSolution
		Debug|Any CPU = Debug|Any CPU
		Release|Any CPU = Release|Any CPU
	EndGlobalSection
	GlobalSection(ProjectConfigurationPlatforms) = postSolution
		{BD36C346-21E3-4BB7-971B-49221CD32996}.Debug|Any CPU.ActiveCfg = Debug|Any CPU
		{BD36C346-21E3-4BB7-971B-49221CD32996}.Debug|Any CPU.Build.0 = Debug|Any CPU
		{BD36C346-21E3-4BB7-971B-49221CD32996}.Release|Any CPU.ActiveCfg = Release|Any CPU
		{BD36C346-21E3-4BB7-971B-49221CD32996}.Release|Any CPU.Build.0 = Release|Any CPU
	EndGlobalSection
	GlobalSection(SolutionProperties) = preSolution
		HideSolutionNode = FALSE
	EndGlobalSection
	GlobalSection(ExtensibilityGlobals) = postSolution
		SolutionGuid = {3775351D-8A5B-446A-A276-130B408C8E35}
	EndGlobalSection
EndGlobal
